// !$*UTF8*$!
{
	archiveVersion = 1;
	classes = {
	};
	objectVersion = 55;
	objects = {

/* Begin PBXBuildFile section */
		1B33629A274717FC00252611 /* AppDelegate.swift in Sources */ = {isa = PBXBuildFile; fileRef = 1B336299274717FC00252611 /* AppDelegate.swift */; };
		1B33629C274717FC00252611 /* SceneDelegate.swift in Sources */ = {isa = PBXBuildFile; fileRef = 1B33629B274717FC00252611 /* SceneDelegate.swift */; };
		1B33629E274717FC00252611 /* ViewController.swift in Sources */ = {isa = PBXBuildFile; fileRef = 1B33629D274717FC00252611 /* ViewController.swift */; };
		1B3362A1274717FC00252611 /* Main.storyboard in Resources */ = {isa = PBXBuildFile; fileRef = 1B33629F274717FC00252611 /* Main.storyboard */; };
		1B3362A3274717FD00252611 /* Assets.xcassets in Resources */ = {isa = PBXBuildFile; fileRef = 1B3362A2274717FD00252611 /* Assets.xcassets */; };
		1B3362A6274717FD00252611 /* LaunchScreen.storyboard in Resources */ = {isa = PBXBuildFile; fileRef = 1B3362A4274717FD00252611 /* LaunchScreen.storyboard */; };
		1B3362B1274717FE00252611 /* UIKit_AppTests.swift in Sources */ = {isa = PBXBuildFile; fileRef = 1B3362B0274717FE00252611 /* UIKit_AppTests.swift */; };
		1B3362BB274717FE00252611 /* UIKit_AppUITests.swift in Sources */ = {isa = PBXBuildFile; fileRef = 1B3362BA274717FE00252611 /* UIKit_AppUITests.swift */; };
		1B3362BD274717FE00252611 /* UIKit_AppUITestsLaunchTests.swift in Sources */ = {isa = PBXBuildFile; fileRef = 1B3362BC274717FE00252611 /* UIKit_AppUITestsLaunchTests.swift */; };
		1FFF2FB82748259900CAC323 /* patient-data.json in Resources */ = {isa = PBXBuildFile; fileRef = 1FFF2FB72748259900CAC323 /* patient-data.json */; };
		974BEDBF27BAEF930025F325 /* RecommendationViewController.swift in Sources */ = {isa = PBXBuildFile; fileRef = 974BEDBE27BAEF930025F325 /* RecommendationViewController.swift */; };
		974BEDC127BAFE920025F325 /* DiagnosisViewController.swift in Sources */ = {isa = PBXBuildFile; fileRef = 974BEDC027BAFE920025F325 /* DiagnosisViewController.swift */; };
		97E3BAE927CF0CF100C2C7C1 /* RootViewController.swift in Sources */ = {isa = PBXBuildFile; fileRef = 97E3BAE827CF0CF100C2C7C1 /* RootViewController.swift */; };
/* End PBXBuildFile section */

/* Begin PBXContainerItemProxy section */
		1B3362AD274717FE00252611 /* PBXContainerItemProxy */ = {
			isa = PBXContainerItemProxy;
			containerPortal = 1B33628E274717FC00252611 /* Project object */;
			proxyType = 1;
			remoteGlobalIDString = 1B336295274717FC00252611;
			remoteInfo = "UIKit-App";
		};
		1B3362B7274717FE00252611 /* PBXContainerItemProxy */ = {
			isa = PBXContainerItemProxy;
			containerPortal = 1B33628E274717FC00252611 /* Project object */;
			proxyType = 1;
			remoteGlobalIDString = 1B336295274717FC00252611;
			remoteInfo = "UIKit-App";
		};
/* End PBXContainerItemProxy section */

/* Begin PBXFileReference section */
		1B336296274717FC00252611 /* UIKit-App.app */ = {isa = PBXFileReference; explicitFileType = wrapper.application; includeInIndex = 0; path = "UIKit-App.app"; sourceTree = BUILT_PRODUCTS_DIR; };
		1B336299274717FC00252611 /* AppDelegate.swift */ = {isa = PBXFileReference; lastKnownFileType = sourcecode.swift; path = AppDelegate.swift; sourceTree = "<group>"; };
		1B33629B274717FC00252611 /* SceneDelegate.swift */ = {isa = PBXFileReference; lastKnownFileType = sourcecode.swift; path = SceneDelegate.swift; sourceTree = "<group>"; };
		1B33629D274717FC00252611 /* ViewController.swift */ = {isa = PBXFileReference; lastKnownFileType = sourcecode.swift; path = ViewController.swift; sourceTree = "<group>"; };
		1B3362A0274717FC00252611 /* Base */ = {isa = PBXFileReference; lastKnownFileType = file.storyboard; name = Base; path = Base.lproj/Main.storyboard; sourceTree = "<group>"; };
		1B3362A2274717FD00252611 /* Assets.xcassets */ = {isa = PBXFileReference; lastKnownFileType = folder.assetcatalog; path = Assets.xcassets; sourceTree = "<group>"; };
		1B3362A5274717FD00252611 /* Base */ = {isa = PBXFileReference; lastKnownFileType = file.storyboard; name = Base; path = Base.lproj/LaunchScreen.storyboard; sourceTree = "<group>"; };
		1B3362A7274717FD00252611 /* Info.plist */ = {isa = PBXFileReference; lastKnownFileType = text.plist.xml; path = Info.plist; sourceTree = "<group>"; };
		1B3362AC274717FE00252611 /* UIKit-AppTests.xctest */ = {isa = PBXFileReference; explicitFileType = wrapper.cfbundle; includeInIndex = 0; path = "UIKit-AppTests.xctest"; sourceTree = BUILT_PRODUCTS_DIR; };
		1B3362B0274717FE00252611 /* UIKit_AppTests.swift */ = {isa = PBXFileReference; lastKnownFileType = sourcecode.swift; path = UIKit_AppTests.swift; sourceTree = "<group>"; };
		1B3362B6274717FE00252611 /* UIKit-AppUITests.xctest */ = {isa = PBXFileReference; explicitFileType = wrapper.cfbundle; includeInIndex = 0; path = "UIKit-AppUITests.xctest"; sourceTree = BUILT_PRODUCTS_DIR; };
		1B3362BA274717FE00252611 /* UIKit_AppUITests.swift */ = {isa = PBXFileReference; lastKnownFileType = sourcecode.swift; path = UIKit_AppUITests.swift; sourceTree = "<group>"; };
		1B3362BC274717FE00252611 /* UIKit_AppUITestsLaunchTests.swift */ = {isa = PBXFileReference; lastKnownFileType = sourcecode.swift; path = UIKit_AppUITestsLaunchTests.swift; sourceTree = "<group>"; };
		1FFF2FB72748259900CAC323 /* patient-data.json */ = {isa = PBXFileReference; fileEncoding = 4; lastKnownFileType = text.json; path = "patient-data.json"; sourceTree = "<group>"; };
		974BEDBE27BAEF930025F325 /* RecommendationViewController.swift */ = {isa = PBXFileReference; lastKnownFileType = sourcecode.swift; path = RecommendationViewController.swift; sourceTree = "<group>"; };
		974BEDC027BAFE920025F325 /* DiagnosisViewController.swift */ = {isa = PBXFileReference; lastKnownFileType = sourcecode.swift; path = DiagnosisViewController.swift; sourceTree = "<group>"; };
		97E3BAE827CF0CF100C2C7C1 /* RootViewController.swift */ = {isa = PBXFileReference; lastKnownFileType = sourcecode.swift; path = RootViewController.swift; sourceTree = "<group>"; };
/* End PBXFileReference section */

/* Begin PBXFrameworksBuildPhase section */
		1B336293274717FC00252611 /* Frameworks */ = {
			isa = PBXFrameworksBuildPhase;
			buildActionMask = 2147483647;
			files = (
			);
			runOnlyForDeploymentPostprocessing = 0;
		};
		1B3362A9274717FE00252611 /* Frameworks */ = {
			isa = PBXFrameworksBuildPhase;
			buildActionMask = 2147483647;
			files = (
			);
			runOnlyForDeploymentPostprocessing = 0;
		};
		1B3362B3274717FE00252611 /* Frameworks */ = {
			isa = PBXFrameworksBuildPhase;
			buildActionMask = 2147483647;
			files = (
			);
			runOnlyForDeploymentPostprocessing = 0;
		};
/* End PBXFrameworksBuildPhase section */

/* Begin PBXGroup section */
		1B33628D274717FC00252611 = {
			isa = PBXGroup;
			children = (
				1B336298274717FC00252611 /* UIKit-App */,
				1B3362AF274717FE00252611 /* UIKit-AppTests */,
				1B3362B9274717FE00252611 /* UIKit-AppUITests */,
				1B336297274717FC00252611 /* Products */,
			);
			sourceTree = "<group>";
		};
		1B336297274717FC00252611 /* Products */ = {
			isa = PBXGroup;
			children = (
				1B336296274717FC00252611 /* UIKit-App.app */,
				1B3362AC274717FE00252611 /* UIKit-AppTests.xctest */,
				1B3362B6274717FE00252611 /* UIKit-AppUITests.xctest */,
			);
			name = Products;
			sourceTree = "<group>";
		};
		1B336298274717FC00252611 /* UIKit-App */ = {
			isa = PBXGroup;
			children = (
				1FFF2FB62748258C00CAC323 /* Data */,
				1B336299274717FC00252611 /* AppDelegate.swift */,
				1B33629B274717FC00252611 /* SceneDelegate.swift */,
				1B33629D274717FC00252611 /* ViewController.swift */,
				1B33629F274717FC00252611 /* Main.storyboard */,
				1B3362A2274717FD00252611 /* Assets.xcassets */,
				1B3362A4274717FD00252611 /* LaunchScreen.storyboard */,
				1B3362A7274717FD00252611 /* Info.plist */,
				974BEDBE27BAEF930025F325 /* RecommendationViewController.swift */,
				974BEDC027BAFE920025F325 /* DiagnosisViewController.swift */,
				97E3BAE827CF0CF100C2C7C1 /* RootViewController.swift */,
			);
			path = "UIKit-App";
			sourceTree = "<group>";
		};
		1B3362AF274717FE00252611 /* UIKit-AppTests */ = {
			isa = PBXGroup;
			children = (
				1B3362B0274717FE00252611 /* UIKit_AppTests.swift */,
			);
			path = "UIKit-AppTests";
			sourceTree = "<group>";
		};
		1B3362B9274717FE00252611 /* UIKit-AppUITests */ = {
			isa = PBXGroup;
			children = (
				1B3362BA274717FE00252611 /* UIKit_AppUITests.swift */,
				1B3362BC274717FE00252611 /* UIKit_AppUITestsLaunchTests.swift */,
			);
			path = "UIKit-AppUITests";
			sourceTree = "<group>";
		};
		1FFF2FB62748258C00CAC323 /* Data */ = {
			isa = PBXGroup;
			children = (
				1FFF2FB72748259900CAC323 /* patient-data.json */,
			);
			path = Data;
			sourceTree = "<group>";
		};
/* End PBXGroup section */

/* Begin PBXNativeTarget section */
		1B336295274717FC00252611 /* UIKit-App */ = {
			isa = PBXNativeTarget;
			buildConfigurationList = 1B3362C0274717FE00252611 /* Build configuration list for PBXNativeTarget "UIKit-App" */;
			buildPhases = (
				1B336292274717FC00252611 /* Sources */,
				1B336293274717FC00252611 /* Frameworks */,
				1B336294274717FC00252611 /* Resources */,
			);
			buildRules = (
			);
			dependencies = (
			);
			name = "UIKit-App";
			productName = "UIKit-App";
			productReference = 1B336296274717FC00252611 /* UIKit-App.app */;
			productType = "com.apple.product-type.application";
		};
		1B3362AB274717FE00252611 /* UIKit-AppTests */ = {
			isa = PBXNativeTarget;
			buildConfigurationList = 1B3362C3274717FE00252611 /* Build configuration list for PBXNativeTarget "UIKit-AppTests" */;
			buildPhases = (
				1B3362A8274717FE00252611 /* Sources */,
				1B3362A9274717FE00252611 /* Frameworks */,
				1B3362AA274717FE00252611 /* Resources */,
			);
			buildRules = (
			);
			dependencies = (
				1B3362AE274717FE00252611 /* PBXTargetDependency */,
			);
			name = "UIKit-AppTests";
			productName = "UIKit-AppTests";
			productReference = 1B3362AC274717FE00252611 /* UIKit-AppTests.xctest */;
			productType = "com.apple.product-type.bundle.unit-test";
		};
		1B3362B5274717FE00252611 /* UIKit-AppUITests */ = {
			isa = PBXNativeTarget;
			buildConfigurationList = 1B3362C6274717FE00252611 /* Build configuration list for PBXNativeTarget "UIKit-AppUITests" */;
			buildPhases = (
				1B3362B2274717FE00252611 /* Sources */,
				1B3362B3274717FE00252611 /* Frameworks */,
				1B3362B4274717FE00252611 /* Resources */,
			);
			buildRules = (
			);
			dependencies = (
				1B3362B8274717FE00252611 /* PBXTargetDependency */,
			);
			name = "UIKit-AppUITests";
			productName = "UIKit-AppUITests";
			productReference = 1B3362B6274717FE00252611 /* UIKit-AppUITests.xctest */;
			productType = "com.apple.product-type.bundle.ui-testing";
		};
/* End PBXNativeTarget section */

/* Begin PBXProject section */
		1B33628E274717FC00252611 /* Project object */ = {
			isa = PBXProject;
			attributes = {
				BuildIndependentTargetsInParallel = 1;
				LastSwiftUpdateCheck = 1310;
				LastUpgradeCheck = 1310;
				TargetAttributes = {
					1B336295274717FC00252611 = {
						CreatedOnToolsVersion = 13.1;
					};
					1B3362AB274717FE00252611 = {
						CreatedOnToolsVersion = 13.1;
						TestTargetID = 1B336295274717FC00252611;
					};
					1B3362B5274717FE00252611 = {
						CreatedOnToolsVersion = 13.1;
						TestTargetID = 1B336295274717FC00252611;
					};
				};
			};
			buildConfigurationList = 1B336291274717FC00252611 /* Build configuration list for PBXProject "UIKit-App" */;
			compatibilityVersion = "Xcode 13.0";
			developmentRegion = en;
			hasScannedForEncodings = 0;
			knownRegions = (
				en,
				Base,
			);
			mainGroup = 1B33628D274717FC00252611;
			productRefGroup = 1B336297274717FC00252611 /* Products */;
			projectDirPath = "";
			projectRoot = "";
			targets = (
				1B336295274717FC00252611 /* UIKit-App */,
				1B3362AB274717FE00252611 /* UIKit-AppTests */,
				1B3362B5274717FE00252611 /* UIKit-AppUITests */,
			);
		};
/* End PBXProject section */

/* Begin PBXResourcesBuildPhase section */
		1B336294274717FC00252611 /* Resources */ = {
			isa = PBXResourcesBuildPhase;
			buildActionMask = 2147483647;
			files = (
				1B3362A6274717FD00252611 /* LaunchScreen.storyboard in Resources */,
				1FFF2FB82748259900CAC323 /* patient-data.json in Resources */,
				1B3362A3274717FD00252611 /* Assets.xcassets in Resources */,
				1B3362A1274717FC00252611 /* Main.storyboard in Resources */,
			);
			runOnlyForDeploymentPostprocessing = 0;
		};
		1B3362AA274717FE00252611 /* Resources */ = {
			isa = PBXResourcesBuildPhase;
			buildActionMask = 2147483647;
			files = (
			);
			runOnlyForDeploymentPostprocessing = 0;
		};
		1B3362B4274717FE00252611 /* Resources */ = {
			isa = PBXResourcesBuildPhase;
			buildActionMask = 2147483647;
			files = (
			);
			runOnlyForDeploymentPostprocessing = 0;
		};
/* End PBXResourcesBuildPhase section */

/* Begin PBXSourcesBuildPhase section */
		1B336292274717FC00252611 /* Sources */ = {
			isa = PBXSourcesBuildPhase;
			buildActionMask = 2147483647;
			files = (
				1B33629E274717FC00252611 /* ViewController.swift in Sources */,
				974BEDBF27BAEF930025F325 /* RecommendationViewController.swift in Sources */,
				97E3BAE927CF0CF100C2C7C1 /* RootViewController.swift in Sources */,
				1B33629A274717FC00252611 /* AppDelegate.swift in Sources */,
				974BEDC127BAFE920025F325 /* DiagnosisViewController.swift in Sources */,
				1B33629C274717FC00252611 /* SceneDelegate.swift in Sources */,
			);
			runOnlyForDeploymentPostprocessing = 0;
		};
		1B3362A8274717FE00252611 /* Sources */ = {
			isa = PBXSourcesBuildPhase;
			buildActionMask = 2147483647;
			files = (
				1B3362B1274717FE00252611 /* UIKit_AppTests.swift in Sources */,
			);
			runOnlyForDeploymentPostprocessing = 0;
		};
		1B3362B2274717FE00252611 /* Sources */ = {
			isa = PBXSourcesBuildPhase;
			buildActionMask = 2147483647;
			files = (
				1B3362BB274717FE00252611 /* UIKit_AppUITests.swift in Sources */,
				1B3362BD274717FE00252611 /* UIKit_AppUITestsLaunchTests.swift in Sources */,
			);
			runOnlyForDeploymentPostprocessing = 0;
		};
/* End PBXSourcesBuildPhase section */

/* Begin PBXTargetDependency section */
		1B3362AE274717FE00252611 /* PBXTargetDependency */ = {
			isa = PBXTargetDependency;
			target = 1B336295274717FC00252611 /* UIKit-App */;
			targetProxy = 1B3362AD274717FE00252611 /* PBXContainerItemProxy */;
		};
		1B3362B8274717FE00252611 /* PBXTargetDependency */ = {
			isa = PBXTargetDependency;
			target = 1B336295274717FC00252611 /* UIKit-App */;
			targetProxy = 1B3362B7274717FE00252611 /* PBXContainerItemProxy */;
		};
/* End PBXTargetDependency section */

/* Begin PBXVariantGroup section */
		1B33629F274717FC00252611 /* Main.storyboard */ = {
			isa = PBXVariantGroup;
			children = (
				1B3362A0274717FC00252611 /* Base */,
			);
			name = Main.storyboard;
			sourceTree = "<group>";
		};
		1B3362A4274717FD00252611 /* LaunchScreen.storyboard */ = {
			isa = PBXVariantGroup;
			children = (
				1B3362A5274717FD00252611 /* Base */,
			);
			name = LaunchScreen.storyboard;
			sourceTree = "<group>";
		};
/* End PBXVariantGroup section */

/* Begin XCBuildConfiguration section */
		1B3362BE274717FE00252611 /* Debug */ = {
			isa = XCBuildConfiguration;
			buildSettings = {
				ALWAYS_SEARCH_USER_PATHS = NO;
				CLANG_ANALYZER_NONNULL = YES;
				CLANG_ANALYZER_NUMBER_OBJECT_CONVERSION = YES_AGGRESSIVE;
				CLANG_CXX_LANGUAGE_STANDARD = "gnu++17";
				CLANG_CXX_LIBRARY = "libc++";
				CLANG_ENABLE_MODULES = YES;
				CLANG_ENABLE_OBJC_ARC = YES;
				CLANG_ENABLE_OBJC_WEAK = YES;
				CLANG_WARN_BLOCK_CAPTURE_AUTORELEASING = YES;
				CLANG_WARN_BOOL_CONVERSION = YES;
				CLANG_WARN_COMMA = YES;
				CLANG_WARN_CONSTANT_CONVERSION = YES;
				CLANG_WARN_DEPRECATED_OBJC_IMPLEMENTATIONS = YES;
				CLANG_WARN_DIRECT_OBJC_ISA_USAGE = YES_ERROR;
				CLANG_WARN_DOCUMENTATION_COMMENTS = YES;
				CLANG_WARN_EMPTY_BODY = YES;
				CLANG_WARN_ENUM_CONVERSION = YES;
				CLANG_WARN_INFINITE_RECURSION = YES;
				CLANG_WARN_INT_CONVERSION = YES;
				CLANG_WARN_NON_LITERAL_NULL_CONVERSION = YES;
				CLANG_WARN_OBJC_IMPLICIT_RETAIN_SELF = YES;
				CLANG_WARN_OBJC_LITERAL_CONVERSION = YES;
				CLANG_WARN_OBJC_ROOT_CLASS = YES_ERROR;
				CLANG_WARN_QUOTED_INCLUDE_IN_FRAMEWORK_HEADER = YES;
				CLANG_WARN_RANGE_LOOP_ANALYSIS = YES;
				CLANG_WARN_STRICT_PROTOTYPES = YES;
				CLANG_WARN_SUSPICIOUS_MOVE = YES;
				CLANG_WARN_UNGUARDED_AVAILABILITY = YES_AGGRESSIVE;
				CLANG_WARN_UNREACHABLE_CODE = YES;
				CLANG_WARN__DUPLICATE_METHOD_MATCH = YES;
				COPY_PHASE_STRIP = NO;
				DEBUG_INFORMATION_FORMAT = dwarf;
				ENABLE_STRICT_OBJC_MSGSEND = YES;
				ENABLE_TESTABILITY = YES;
				GCC_C_LANGUAGE_STANDARD = gnu11;
				GCC_DYNAMIC_NO_PIC = NO;
				GCC_NO_COMMON_BLOCKS = YES;
				GCC_OPTIMIZATION_LEVEL = 0;
				GCC_PREPROCESSOR_DEFINITIONS = (
					"DEBUG=1",
					"$(inherited)",
				);
				GCC_WARN_64_TO_32_BIT_CONVERSION = YES;
				GCC_WARN_ABOUT_RETURN_TYPE = YES_ERROR;
				GCC_WARN_UNDECLARED_SELECTOR = YES;
				GCC_WARN_UNINITIALIZED_AUTOS = YES_AGGRESSIVE;
				GCC_WARN_UNUSED_FUNCTION = YES;
				GCC_WARN_UNUSED_VARIABLE = YES;
				IPHONEOS_DEPLOYMENT_TARGET = 15.0;
				MTL_ENABLE_DEBUG_INFO = INCLUDE_SOURCE;
				MTL_FAST_MATH = YES;
				ONLY_ACTIVE_ARCH = YES;
				SDKROOT = iphoneos;
				SWIFT_ACTIVE_COMPILATION_CONDITIONS = DEBUG;
				SWIFT_OPTIMIZATION_LEVEL = "-Onone";
			};
			name = Debug;
		};
		1B3362BF274717FE00252611 /* Release */ = {
			isa = XCBuildConfiguration;
			buildSettings = {
				ALWAYS_SEARCH_USER_PATHS = NO;
				CLANG_ANALYZER_NONNULL = YES;
				CLANG_ANALYZER_NUMBER_OBJECT_CONVERSION = YES_AGGRESSIVE;
				CLANG_CXX_LANGUAGE_STANDARD = "gnu++17";
				CLANG_CXX_LIBRARY = "libc++";
				CLANG_ENABLE_MODULES = YES;
				CLANG_ENABLE_OBJC_ARC = YES;
				CLANG_ENABLE_OBJC_WEAK = YES;
				CLANG_WARN_BLOCK_CAPTURE_AUTORELEASING = YES;
				CLANG_WARN_BOOL_CONVERSION = YES;
				CLANG_WARN_COMMA = YES;
				CLANG_WARN_CONSTANT_CONVERSION = YES;
				CLANG_WARN_DEPRECATED_OBJC_IMPLEMENTATIONS = YES;
				CLANG_WARN_DIRECT_OBJC_ISA_USAGE = YES_ERROR;
				CLANG_WARN_DOCUMENTATION_COMMENTS = YES;
				CLANG_WARN_EMPTY_BODY = YES;
				CLANG_WARN_ENUM_CONVERSION = YES;
				CLANG_WARN_INFINITE_RECURSION = YES;
				CLANG_WARN_INT_CONVERSION = YES;
				CLANG_WARN_NON_LITERAL_NULL_CONVERSION = YES;
				CLANG_WARN_OBJC_IMPLICIT_RETAIN_SELF = YES;
				CLANG_WARN_OBJC_LITERAL_CONVERSION = YES;
				CLANG_WARN_OBJC_ROOT_CLASS = YES_ERROR;
				CLANG_WARN_QUOTED_INCLUDE_IN_FRAMEWORK_HEADER = YES;
				CLANG_WARN_RANGE_LOOP_ANALYSIS = YES;
				CLANG_WARN_STRICT_PROTOTYPES = YES;
				CLANG_WARN_SUSPICIOUS_MOVE = YES;
				CLANG_WARN_UNGUARDED_AVAILABILITY = YES_AGGRESSIVE;
				CLANG_WARN_UNREACHABLE_CODE = YES;
				CLANG_WARN__DUPLICATE_METHOD_MATCH = YES;
				COPY_PHASE_STRIP = NO;
				DEBUG_INFORMATION_FORMAT = "dwarf-with-dsym";
				ENABLE_NS_ASSERTIONS = NO;
				ENABLE_STRICT_OBJC_MSGSEND = YES;
				GCC_C_LANGUAGE_STANDARD = gnu11;
				GCC_NO_COMMON_BLOCKS = YES;
				GCC_WARN_64_TO_32_BIT_CONVERSION = YES;
				GCC_WARN_ABOUT_RETURN_TYPE = YES_ERROR;
				GCC_WARN_UNDECLARED_SELECTOR = YES;
				GCC_WARN_UNINITIALIZED_AUTOS = YES_AGGRESSIVE;
				GCC_WARN_UNUSED_FUNCTION = YES;
				GCC_WARN_UNUSED_VARIABLE = YES;
				IPHONEOS_DEPLOYMENT_TARGET = 15.0;
				MTL_ENABLE_DEBUG_INFO = NO;
				MTL_FAST_MATH = YES;
				SDKROOT = iphoneos;
				SWIFT_COMPILATION_MODE = wholemodule;
				SWIFT_OPTIMIZATION_LEVEL = "-O";
				VALIDATE_PRODUCT = YES;
			};
			name = Release;
		};
		1B3362C1274717FE00252611 /* Debug */ = {
			isa = XCBuildConfiguration;
			buildSettings = {
				ASSETCATALOG_COMPILER_APPICON_NAME = AppIcon;
				ASSETCATALOG_COMPILER_GLOBAL_ACCENT_COLOR_NAME = AccentColor;
				CODE_SIGN_STYLE = Automatic;
				CURRENT_PROJECT_VERSION = 1;
				GENERATE_INFOPLIST_FILE = YES;
				INFOPLIST_FILE = "UIKit-App/Info.plist";
				INFOPLIST_KEY_UIApplicationSupportsIndirectInputEvents = YES;
				INFOPLIST_KEY_UILaunchStoryboardName = LaunchScreen;
				INFOPLIST_KEY_UIMainStoryboardFile = Main;
				INFOPLIST_KEY_UISupportedInterfaceOrientations_iPad = "UIInterfaceOrientationPortrait UIInterfaceOrientationPortraitUpsideDown UIInterfaceOrientationLandscapeLeft UIInterfaceOrientationLandscapeRight";
				INFOPLIST_KEY_UISupportedInterfaceOrientations_iPhone = "UIInterfaceOrientationPortrait UIInterfaceOrientationLandscapeLeft UIInterfaceOrientationLandscapeRight";
				LD_RUNPATH_SEARCH_PATHS = (
					"$(inherited)",
					"@executable_path/Frameworks",
				);
				MARKETING_VERSION = 1.0;
				PRODUCT_BUNDLE_IDENTIFIER = "com.codingexercise.UIKit-App";
				PRODUCT_NAME = "$(TARGET_NAME)";
				SWIFT_EMIT_LOC_STRINGS = YES;
				SWIFT_VERSION = 5.0;
				TARGETED_DEVICE_FAMILY = "1,2";
			};
			name = Debug;
		};
		1B3362C2274717FE00252611 /* Release */ = {
			isa = XCBuildConfiguration;
			buildSettings = {
				ASSETCATALOG_COMPILER_APPICON_NAME = AppIcon;
				ASSETCATALOG_COMPILER_GLOBAL_ACCENT_COLOR_NAME = AccentColor;
				CODE_SIGN_STYLE = Automatic;
				CURRENT_PROJECT_VERSION = 1;
				GENERATE_INFOPLIST_FILE = YES;
				INFOPLIST_FILE = "UIKit-App/Info.plist";
				INFOPLIST_KEY_UIApplicationSupportsIndirectInputEvents = YES;
				INFOPLIST_KEY_UILaunchStoryboardName = LaunchScreen;
				INFOPLIST_KEY_UIMainStoryboardFile = Main;
				INFOPLIST_KEY_UISupportedInterfaceOrientations_iPad = "UIInterfaceOrientationPortrait UIInterfaceOrientationPortraitUpsideDown UIInterfaceOrientationLandscapeLeft UIInterfaceOrientationLandscapeRight";
				INFOPLIST_KEY_UISupportedInterfaceOrientations_iPhone = "UIInterfaceOrientationPortrait UIInterfaceOrientationLandscapeLeft UIInterfaceOrientationLandscapeRight";
				LD_RUNPATH_SEARCH_PATHS = (
					"$(inherited)",
					"@executable_path/Frameworks",
				);
				MARKETING_VERSION = 1.0;
				PRODUCT_BUNDLE_IDENTIFIER = "com.codingexercise.UIKit-App";
				PRODUCT_NAME = "$(TARGET_NAME)";
				SWIFT_EMIT_LOC_STRINGS = YES;
				SWIFT_VERSION = 5.0;
				TARGETED_DEVICE_FAMILY = "1,2";
			};
			name = Release;
		};
		1B3362C4274717FE00252611 /* Debug */ = {
			isa = XCBuildConfiguration;
			buildSettings = {
				ALWAYS_EMBED_SWIFT_STANDARD_LIBRARIES = YES;
				BUNDLE_LOADER = "$(TEST_HOST)";
				CODE_SIGN_STYLE = Automatic;
				CURRENT_PROJECT_VERSION = 1;
				GENERATE_INFOPLIST_FILE = YES;
				IPHONEOS_DEPLOYMENT_TARGET = 15.0;
				LD_RUNPATH_SEARCH_PATHS = (
					"$(inherited)",
					"@executable_path/Frameworks",
					"@loader_path/Frameworks",
				);
				MARKETING_VERSION = 1.0;
				PRODUCT_BUNDLE_IDENTIFIER = "com.codingexercise.UIKit-AppTests";
				PRODUCT_NAME = "$(TARGET_NAME)";
				SWIFT_EMIT_LOC_STRINGS = NO;
				SWIFT_VERSION = 5.0;
				TARGETED_DEVICE_FAMILY = "1,2";
				TEST_HOST = "$(BUILT_PRODUCTS_DIR)/UIKit-App.app/UIKit-App";
			};
			name = Debug;
		};
		1B3362C5274717FE00252611 /* Release */ = {
			isa = XCBuildConfiguration;
			buildSettings = {
				ALWAYS_EMBED_SWIFT_STANDARD_LIBRARIES = YES;
				BUNDLE_LOADER = "$(TEST_HOST)";
				CODE_SIGN_STYLE = Automatic;
				CURRENT_PROJECT_VERSION = 1;
				GENERATE_INFOPLIST_FILE = YES;
				IPHONEOS_DEPLOYMENT_TARGET = 15.0;
				LD_RUNPATH_SEARCH_PATHS = (
					"$(inherited)",
					"@executable_path/Frameworks",
					"@loader_path/Frameworks",
				);
				MARKETING_VERSION = 1.0;
				PRODUCT_BUNDLE_IDENTIFIER = "com.codingexercise.UIKit-AppTests";
				PRODUCT_NAME = "$(TARGET_NAME)";
				SWIFT_EMIT_LOC_STRINGS = NO;
				SWIFT_VERSION = 5.0;
				TARGETED_DEVICE_FAMILY = "1,2";
				TEST_HOST = "$(BUILT_PRODUCTS_DIR)/UIKit-App.app/UIKit-App";
			};
			name = Release;
		};
		1B3362C7274717FE00252611 /* Debug */ = {
			isa = XCBuildConfiguration;
			buildSettings = {
				ALWAYS_EMBED_SWIFT_STANDARD_LIBRARIES = YES;
				CODE_SIGN_STYLE = Automatic;
				CURRENT_PROJECT_VERSION = 1;
				GENERATE_INFOPLIST_FILE = YES;
				LD_RUNPATH_SEARCH_PATHS = (
					"$(inherited)",
					"@executable_path/Frameworks",
					"@loader_path/Frameworks",
				);
				MARKETING_VERSION = 1.0;
				PRODUCT_BUNDLE_IDENTIFIER = "com.codingexercise.UIKit-AppUITests";
				PRODUCT_NAME = "$(TARGET_NAME)";
				SWIFT_EMIT_LOC_STRINGS = NO;
				SWIFT_VERSION = 5.0;
				TARGETED_DEVICE_FAMILY = "1,2";
				TEST_TARGET_NAME = "UIKit-App";
			};
			name = Debug;
		};
		1B3362C8274717FE00252611 /* Release */ = {
			isa = XCBuildConfiguration;
			buildSettings = {
				ALWAYS_EMBED_SWIFT_STANDARD_LIBRARIES = YES;
				CODE_SIGN_STYLE = Automatic;
				CURRENT_PROJECT_VERSION = 1;
				GENERATE_INFOPLIST_FILE = YES;
				LD_RUNPATH_SEARCH_PATHS = (
					"$(inherited)",
					"@executable_path/Frameworks",
					"@loader_path/Frameworks",
				);
				MARKETING_VERSION = 1.0;
				PRODUCT_BUNDLE_IDENTIFIER = "com.codingexercise.UIKit-AppUITests";
				PRODUCT_NAME = "$(TARGET_NAME)";
				SWIFT_EMIT_LOC_STRINGS = NO;
				SWIFT_VERSION = 5.0;
				TARGETED_DEVICE_FAMILY = "1,2";
				TEST_TARGET_NAME = "UIKit-App";
			};
			name = Release;
		};
/* End XCBuildConfiguration section */

/* Begin XCConfigurationList section */
		1B336291274717FC00252611 /* Build configuration list for PBXProject "UIKit-App" */ = {
			isa = XCConfigurationList;
			buildConfigurations = (
				1B3362BE274717FE00252611 /* Debug */,
				1B3362BF274717FE00252611 /* Release */,
			);
			defaultConfigurationIsVisible = 0;
			defaultConfigurationName = Release;
		};
		1B3362C0274717FE00252611 /* Build configuration list for PBXNativeTarget "UIKit-App" */ = {
			isa = XCConfigurationList;
			buildConfigurations = (
				1B3362C1274717FE00252611 /* Debug */,
				1B3362C2274717FE00252611 /* Release */,
			);
			defaultConfigurationIsVisible = 0;
			defaultConfigurationName = Release;
		};
		1B3362C3274717FE00252611 /* Build configuration list for PBXNativeTarget "UIKit-AppTests" */ = {
			isa = XCConfigurationList;
			buildConfigurations = (
				1B3362C4274717FE00252611 /* Debug */,
				1B3362C5274717FE00252611 /* Release */,
			);
			defaultConfigurationIsVisible = 0;
			defaultConfigurationName = Release;
		};
		1B3362C6274717FE00252611 /* Build configuration list for PBXNativeTarget "UIKit-AppUITests" */ = {
			isa = XCConfigurationList;
			buildConfigurations = (
				1B3362C7274717FE00252611 /* Debug */,
				1B3362C8274717FE00252611 /* Release */,
			);
			defaultConfigurationIsVisible = 0;
			defaultConfigurationName = Release;
		};
/* End XCConfigurationList section */
	};
	rootObject = 1B33628E274717FC00252611 /* Project object */;
}
